
Microsoft Visual Studio Solution File, Format Version 12.00
# Visual Studio Version 16
VisualStudioVersion = 16.0.32106.194
MinimumVisualStudioVersion = 10.0.40219.1
Project("{FAE04EC0-301F-11D3-BF4B-00C04F79EFBC}") = "REE.Rom.Cryptor", "REE.Rom.Cryptor\REE.Rom.Cryptor.csproj", "{7EA49480-D912-409E-B7D2-91ECD161AAC1}"
EndProject
Global
	GlobalSection(SolutionConfigurationPlatforms) = preSolution
		Debug|Any CPU = Debug|Any CPU
		Release|Any CPU = Release|Any CPU
	EndGlobalSection
	GlobalSection(ProjectConfigurationPlatforms) = postSolution
		{7EA49480-D912-409E-B7D2-91ECD161AAC1}.Debug|Any CPU.ActiveCfg = Debug|Any CPU
		{7EA49480-D912-409E-B7D2-91ECD161AAC1}.Debug|Any CPU.Build.0 = Debug|Any CPU
		{7EA49480-D912-409E-B7D2-91ECD161AAC1}.Release|Any CPU.ActiveCfg = Release|Any CPU
		{7EA49480-D912-409E-B7D2-91ECD161AAC1}.Release|Any CPU.Build.0 = Release|Any CPU
	EndGlobalSection
	GlobalSection(SolutionProperties) = preSolution
		HideSolutionNode = FALSE
	EndGlobalSection
	GlobalSection(ExtensibilityGlobals) = postSolution
		SolutionGuid = {3DFA4758-37F2-4F87-B699-87A3C5500720}
	EndGlobalSection
EndGlobal
